
Microsoft Visual Studio Solution File, Format Version 12.00
# Visual Studio Version 16
VisualStudioVersion = 16.0.31729.503
MinimumVisualStudioVersion = 10.0.40219.1
Project("{FAE04EC0-301F-11D3-BF4B-00C04F79EFBC}") = "otomotiv otomasyonu", "VERİTABANLI_PARTİ_SECİM_GRAFİK_İSTATİSTİK\otomotiv otomasyonu.csproj", "{893E0BB9-8973-4643-9FE1-E8B3AC4862F8}"
EndProject
Global
	GlobalSection(SolutionConfigurationPlatforms) = preSolution
		Debug|Any CPU = Debug|Any CPU
		Release|Any CPU = Release|Any CPU
	EndGlobalSection
	GlobalSection(ProjectConfigurationPlatforms) = postSolution
		{893E0BB9-8973-4643-9FE1-E8B3AC4862F8}.Debug|Any CPU.ActiveCfg = Debug|Any CPU
		{893E0BB9-8973-4643-9FE1-E8B3AC4862F8}.Debug|Any CPU.Build.0 = Debug|Any CPU
		{893E0BB9-8973-4643-9FE1-E8B3AC4862F8}.Release|Any CPU.ActiveCfg = Release|Any CPU
		{893E0BB9-8973-4643-9FE1-E8B3AC4862F8}.Release|Any CPU.Build.0 = Release|Any CPU
	EndGlobalSection
	GlobalSection(SolutionProperties) = preSolution
		HideSolutionNode = FALSE
	EndGlobalSection
	GlobalSection(ExtensibilityGlobals) = postSolution
		SolutionGuid = {DA7CD819-232D-4DCD-A31F-57982AFE8006}
	EndGlobalSection
EndGlobal
